
Microsoft Visual Studio Solution File, Format Version 12.00
# Visual Studio Version 17
VisualStudioVersion = 17.11.35327.3
MinimumVisualStudioVersion = 10.0.40219.1
Project("{FAE04EC0-301F-11D3-BF4B-00C04F79EFBC}") = "2_8_lesson_inpdp", "2_8_lesson_inpdp\2_8_lesson_inpdp.csproj", "{56056E1D-BC1A-44D3-8624-44683594A16F}"
EndProject
Global
	GlobalSection(SolutionConfigurationPlatforms) = preSolution
		Debug|Any CPU = Debug|Any CPU
		Release|Any CPU = Release|Any CPU
	EndGlobalSection
	GlobalSection(ProjectConfigurationPlatforms) = postSolution
		{56056E1D-BC1A-44D3-8624-44683594A16F}.Debug|Any CPU.ActiveCfg = Debug|Any CPU
		{56056E1D-BC1A-44D3-8624-44683594A16F}.Debug|Any CPU.Build.0 = Debug|Any CPU
		{56056E1D-BC1A-44D3-8624-44683594A16F}.Release|Any CPU.ActiveCfg = Release|Any CPU
		{56056E1D-BC1A-44D3-8624-44683594A16F}.Release|Any CPU.Build.0 = Release|Any CPU
	EndGlobalSection
	GlobalSection(SolutionProperties) = preSolution
		HideSolutionNode = FALSE
	EndGlobalSection
	GlobalSection(ExtensibilityGlobals) = postSolution
		SolutionGuid = {B5390832-6AD3-4ED6-906A-C20A9F23E6DF}
	EndGlobalSection
EndGlobal
